# THIS IS AN AUTOGENERATED FILE. DO NOT EDIT THIS FILE DIRECTLY.
# yarn lockfile v1


"@types/base64-arraybuffer@^0.1.0":
  version "0.1.0"
  resolved "https://registry.yarnpkg.com/@types/base64-arraybuffer/-/base64-arraybuffer-0.1.0.tgz#739eea0a974d13ae831f96d97d882ceb0b187543"
  integrity sha512-oyV0CGER7tX6OlfnLfGze0XbsA7tfRuTtsQ2JbP8K5KBUzc24yoYRD+0XjMRQgOejvZWeIbtkNaHlE8akzj4aQ==

"@types/node@^12.7.2":
  version "12.7.2"
  resolved "https://registry.yarnpkg.com/@types/node/-/node-12.7.2.tgz#c4e63af5e8823ce9cc3f0b34f7b998c2171f0c44"
  integrity sha512-dyYO+f6ihZEtNPDcWNR1fkoTDf3zAK3lAABDze3mz6POyIercH0lEUawUFXlG8xaQZmm1yEBON/4TsYv/laDYg==

base64-arraybuffer@^0.2.0:
  version "0.2.0"
  resolved "https://registry.yarnpkg.com/base64-arraybuffer/-/base64-arraybuffer-0.2.0.tgz#4b944fac0191aa5907afe2d8c999ccc57ce80f45"
  integrity sha512-7emyCsu1/xiBXgQZrscw/8KPRT44I4Yq9Pe6EGs3aPRTsWuggML1/1DTuZUuIaJPIm1FTDUVXl4x/yW8s0kQDQ==

typescript@^3.5.3:
  version "3.5.3"
  resolved "https://registry.yarnpkg.com/typescript/-/typescript-3.5.3.tgz#c830f657f93f1ea846819e929092f5fe5983e977"
  integrity sha512-ACzBtm/PhXBDId6a6sDJfroT2pOWt/oOnk4/dElG5G33ZL776N3Y6/6bKZJBFpd+b05F3Ct9qDjMeJmRWtE2/g==
