# This file is autogenerated, do not edit; changes may be undone by the next 'dep ensure'.


[[projects]]
  digest = "1:a8a7b3ab27d90a3c63b5d2fe6e23c80a79d2b68708490b90bb160ccc7836c831"
  name = "github.com/albrow/stringset"
  packages = ["."]
  pruneopts = "UT"
  revision = "5cbcec770ff3993feab398d47a8c0ca9f0a812de"
  version = "v2.1.0"

[[projects]]
  digest = "1:d99d7505ed692718d6b2d0e5ed3aac6c0a0bca4f8892c8989776dcefdb529dc7"
  name = "github.com/allegro/bigcache"
  packages = [
    ".",
    "queue",
  ]
  pruneopts = "UT"
  revision = "69ea0af04088faa57adb9ac683934277141e92a5"
  version = "v2.0.0"

[[projects]]
  branch = "master"
  digest = "1:7d191fd0c54ff370eaf6116a14dafe2a328df487baea280699f597aae858d00d"
  name = "github.com/aristanetworks/goarista"
  packages = ["monotime"]
  pruneopts = "UT"
  revision = "ed1100a1c0154be237da0078e86b19c523c8c661"

[[projects]]
  branch = "master"
  digest = "1:9e7c5138114ff9c51a60731b3a425c319305013c6ea8b3f60fd2435baba1a0db"
  name = "github.com/btcsuite/btcd"
  packages = ["btcec"]
  pruneopts = "UT"
  revision = "4063feeff79a0da1b08cc857e89d4602e91a294c"

[[projects]]
  branch = "master"
  digest = "1:70df0bb21a1a4847f05c0cdfaadc39468f13cdabf0bdfde01bc89b1ae4c074eb"
  name = "github.com/chromedp/cdproto"
  packages = [
    ".",
    "accessibility",
    "animation",
    "applicationcache",
    "audits",
    "backgroundservice",
    "browser",
    "cachestorage",
    "cast",
    "cdp",
    "css",
    "database",
    "debugger",
    "deviceorientation",
    "dom",
    "domdebugger",
    "domsnapshot",
    "domstorage",
    "emulation",
    "fetch",
    "headlessexperimental",
    "heapprofiler",
    "indexeddb",
    "input",
    "inspector",
    "io",
    "layertree",
    "log",
    "media",
    "memory",
    "network",
    "overlay",
    "page",
    "performance",
    "profiler",
    "runtime",
    "security",
    "serviceworker",
    "storage",
    "systeminfo",
    "target",
    "tethering",
    "tracing",
    "webaudio",
    "webauthn",
  ]
  pruneopts = "UT"
  revision = "b5ac1e37ce90b05a556d6d6ce1f4beee5e8cd23e"

[[projects]]
  digest = "1:2e5122f1f956687cbebd5e652857b28a593a26eef899ac14c5c3437b6f640cf6"
  name = "github.com/chromedp/chromedp"
  packages = [
    ".",
    "device",
    "kb",
  ]
  pruneopts = "UT"
  revision = "c956994840a529a4f213d4b27346bfeee1beec05"
  version = "v0.4.0"

[[projects]]
  digest = "1:05ffeeed3f0f05520de0679f6aa3219ffee69cfd6d9fb6c194879d4c818ad670"
  name = "github.com/coreos/go-semver"
  packages = ["semver"]
  pruneopts = "UT"
  revision = "e214231b295a8ea9479f11b70b35d5acf3556d9b"
  version = "v0.3.0"

[[projects]]
  digest = "1:ffe9824d294da03b391f44e1ae8281281b4afc1bdaa9588c9097785e3af10cec"
  name = "github.com/davecgh/go-spew"
  packages = ["spew"]
  pruneopts = "UT"
  revision = "8991bc29aa16c548c550c7ff78260e27b9ab7c73"
  version = "v1.1.1"

[[projects]]
  digest = "1:e47d51dab652d26c3fba6f8cba403f922d02757a82abdc77e90df7948daf296e"
  name = "github.com/deckarep/golang-set"
  packages = ["."]
  pruneopts = "UT"
  revision = "cbaa98ba5575e67703b32b4b19f73c91f3c4159e"
  version = "v1.7.1"

[[projects]]
  digest = "1:edb569dd02419a41ddd98768cc0e7aec922ef19dae139731e5ca750afcf6f4c5"
  name = "github.com/edsrzf/mmap-go"
  packages = ["."]
  pruneopts = "UT"
  revision = "188cc3b666ba704534fa4f96e9e61f21f1e1ba7c"
  version = "v1.0.0"

[[projects]]
  branch = "wasm_signer_core_1"
  digest = "1:0cbe3816c19b5e8def421e948377963a877b444e2fdd62126791998c2e27749a"
  name = "github.com/ethereum/go-ethereum"
  packages = [
    ".",
    "accounts",
    "accounts/abi",
    "accounts/abi/bind",
    "accounts/keystore",
    "accounts/scwallet",
    "accounts/usbwallet",
    "accounts/usbwallet/trezor",
    "common",
    "common/bitutil",
    "common/hexutil",
    "common/math",
    "common/mclock",
    "common/prque",
    "consensus",
    "consensus/clique",
    "consensus/ethash",
    "consensus/misc",
    "core",
    "core/rawdb",
    "core/state",
    "core/types",
    "core/vm",
    "crypto",
    "crypto/bn256",
    "crypto/bn256/cloudflare",
    "crypto/bn256/google",
    "crypto/ecies",
    "crypto/secp256k1",
    "eth/downloader",
    "ethclient",
    "ethdb",
    "ethdb/leveldb",
    "ethdb/memorydb",
    "event",
    "internal/ethapi",
    "log",
    "metrics",
    "p2p",
    "p2p/discover",
    "p2p/discv5",
    "p2p/enode",
    "p2p/enr",
    "p2p/nat",
    "p2p/netutil",
    "params",
    "rlp",
    "rpc",
    "signer/core",
    "signer/storage",
    "trie",
  ]
  pruneopts = "T"
  revision = "f0a71cf559354873939c1a5ea980288bac9a40f4"
  source = "github.com/0xProject/go-ethereum"

[[projects]]
  digest = "1:488fd8ad8e2a40f5a4dc76dd1fc8e90f850bc481d2991f34b4b9720f48fd2f48"
  name = "github.com/gballet/go-libpcsclite"
  packages = ["."]
  pruneopts = "UT"
  revision = "2fd9b619dd3c5d74acbd975f997a6441984d74a7"

[[projects]]
  digest = "1:586ea76dbd0374d6fb649a91d70d652b7fe0ccffb8910a77468e7702e7901f3d"
  name = "github.com/go-stack/stack"
  packages = ["."]
  pruneopts = "UT"
  revision = "2fee6af1a9795aafbe0253a0cfbdf668e1fb8a9a"
  version = "v1.8.0"

[[projects]]
  branch = "master"
  digest = "1:368ba96ddacaae2fe265afcac3062a199908f7dc0c6569d6e05a7a13042cccf1"
  name = "github.com/gobwas/httphead"
  packages = ["."]
  pruneopts = "UT"
  revision = "2c6c146eadee0b69f856f87e3e9f1d0cd6aad2f5"

[[projects]]
  digest = "1:bdfe3b97ff03e4f7252c74cfaefb20050a360c8fb760701014ebf99c9540abd1"
  name = "github.com/gobwas/pool"
  packages = [
    ".",
    "internal/pmath",
    "pbufio",
    "pbytes",
  ]
  pruneopts = "UT"
  revision = "fa3125c39d7eca32e1387bb69b1b38dcb31b1e0b"
  version = "v0.2.0"

[[projects]]
  digest = "1:aea6697202cefa9365797c4c8ad0a1dbdf15ba21600ddc599a9000629a2ecb6f"
  name = "github.com/gobwas/ws"
  packages = [
    ".",
    "wsutil",
  ]
  pruneopts = "UT"
  revision = "05baaea2bbcfe8963301c62d9931c882d59595cd"
  version = "v1.0.2"

[[projects]]
  digest = "1:d0e00c8ccabdfe678667d6be78c9d08a6a4efc36d9fb596f098706728b00ba6b"
  name = "github.com/gogo/protobuf"
  packages = [
    "gogoproto",
    "io",
    "proto",
    "protoc-gen-gogo/descriptor",
  ]
  pruneopts = "UT"
  revision = "ba06b47c162d49f2af050fb4c75bcbc86a159d5c"
  version = "v1.2.1"

[[projects]]
  digest = "1:500eb6e1e42991b51d2cc0c5bc9e47043f7eec8fe4a9b100b85abf49cfb910db"
  name = "github.com/golang/protobuf"
  packages = [
    "proto",
    "protoc-gen-go/descriptor",
  ]
  pruneopts = "UT"
  revision = "6c65a5562fc06764971b7c5d05c76c75e84bdbf7"
  version = "v1.3.2"

[[projects]]
  digest = "1:e4f5819333ac698d294fe04dbf640f84719658d5c7ce195b10060cc37292ce79"
  name = "github.com/golang/snappy"
  packages = ["."]
  pruneopts = "UT"
  revision = "2a8bb927dd31d8daada140a5d09578521ce5c36a"
  version = "v0.0.1"

[[projects]]
  digest = "1:582b704bebaa06b48c29b0cec224a6058a09c86883aaddabde889cd1a5f73e1b"
  name = "github.com/google/uuid"
  packages = ["."]
  pruneopts = "UT"
  revision = "0cd6bf5da1e1c83f8b45653022c74f71af0538a4"
  version = "v1.1.1"

[[projects]]
  digest = "1:7b5c6e2eeaa9ae5907c391a91c132abfd5c9e8a784a341b5625e750c67e6825d"
  name = "github.com/gorilla/websocket"
  packages = ["."]
  pruneopts = "UT"
  revision = "66b9c49e59c6c48f0ffce28c2d8b8a5678502c6d"
  version = "v1.4.0"

[[projects]]
  digest = "1:c77361e611524ec8f2ad37c408c3c916111a70b6acf806a1200855696bf8fa4d"
  name = "github.com/hashicorp/golang-lru"
  packages = [
    ".",
    "simplelru",
  ]
  pruneopts = "UT"
  revision = "7f827b33c0f158ec5dfbba01bb0b14a4541fd81d"
  version = "v0.5.3"

[[projects]]
  digest = "1:c00cc6d95a674b4b923ac069d364445043bc67836e9bd8aeff8440cfbe6a2cc7"
  name = "github.com/huin/goupnp"
  packages = [
    ".",
    "dcps/internetgateway1",
    "dcps/internetgateway2",
    "httpu",
    "scpd",
    "soap",
    "ssdp",
  ]
  pruneopts = "UT"
  revision = "656e61dfadd241c7cbdd22a023fa81ecb6860ea8"
  version = "v1.0.0"

[[projects]]
  digest = "1:19585338f4a1bde53952e23367e0c613513524a76f3b5de0ea5f1793dc0cedec"
  name = "github.com/ipfs/go-cid"
  packages = ["."]
  pruneopts = "UT"
  revision = "9bb7ea69202c6c9553479eb355ab8a8a97d43a2e"
  version = "v0.0.3"

[[projects]]
  digest = "1:cfea9f0d7922f624c9cc312a6fed0bd5a0fe63f5ec728df09b796484b3696d0a"
  name = "github.com/ipfs/go-datastore"
  packages = [
    ".",
    "autobatch",
    "query",
    "sync",
  ]
  pruneopts = "UT"
  revision = "aa9190c18f1576be98e974359fd08c64ca0b5a94"
  version = "v0.0.5"

[[projects]]
  digest = "1:ab70bd10c780d127a66393a14061ae69ae0145027e7207b7c43db68524f3f64a"
  name = "github.com/ipfs/go-ds-leveldb"
  packages = ["."]
  pruneopts = "UT"
  revision = "47a9627082eeb3e52570a75eb4fdfaff8b2f19a9"
  version = "v0.0.2"

[[projects]]
  digest = "1:0b4439ae69776549e6489b261f66894a1390140dad53f1c3b1fbfc074478590d"
  name = "github.com/ipfs/go-ipfs-util"
  packages = ["."]
  pruneopts = "UT"
  revision = "a4bb5361e49427531f9a716ead2ce4bd9bdd7959"
  version = "v0.0.1"

[[projects]]
  digest = "1:e8c78569402b8dcf846924dea6eb27b1de135c9a53d7adbd2629250ef66c021a"
  name = "github.com/ipfs/go-log"
  packages = [
    ".",
    "tracer",
    "tracer/wire",
    "writer",
  ]
  pruneopts = "UT"
  revision = "91b837264c0f35dd4e2be341d711316b91d3573d"
  version = "v0.0.1"

[[projects]]
  digest = "1:5d5961815f8e4f1fbad28f6c7ff5e42fcd9527aa823a5daa19b622b9cc41d1ed"
  name = "github.com/ipfs/go-todocounter"
  packages = ["."]
  pruneopts = "UT"
  revision = "bc75efcf13e6e50fbba27679ba5451585d70c954"
  version = "v0.0.1"

[[projects]]
  digest = "1:b352ae8b1a77cc6b48fc8e314e34a522cfc76d6ca3a06c93b29c9cde5de6771e"
  name = "github.com/jackpal/gateway"
  packages = ["."]
  pruneopts = "UT"
  revision = "cbcf4e3f3baee7952fc386c8b2534af4d267c875"
  version = "v1.0.5"

[[projects]]
  digest = "1:32b82e71cf24f8b78323e0d7903c4b90278486283965aa2a19b1ea13763b8f34"
  name = "github.com/jackpal/go-nat-pmp"
  packages = ["."]
  pruneopts = "UT"
  revision = "c9cfead9f2a36ddf3daa40ba269aa7f4bbba6b62"
  version = "v1.0.1"

[[projects]]
  branch = "master"
  digest = "1:8f4aedc183dc8dfef9a7a1f1ba205dc87ecd2675eea350a736bda889e3bcf8ea"
  name = "github.com/jbenet/go-temp-err-catcher"
  packages = ["."]
  pruneopts = "UT"
  revision = "aac704a3f4f27190b4ccc05f303a4931fd1241ff"

[[projects]]
  digest = "1:ee4b434dc3622e5c25a611ce314d40dd724495f27968797a2589a4d89eeed7eb"
  name = "github.com/jbenet/goprocess"
  packages = [
    ".",
    "context",
    "periodic",
    "ratelimit",
  ]
  pruneopts = "UT"
  revision = "7f9d9ed286badffcf2122cfeb383ec37daf92508"
  version = "v0.1.3"

[[projects]]
  digest = "1:b6bbd2f9e0724bd81890c8644259f920c6d61c08453978faff0bebd25f3e7d3e"
  name = "github.com/jpillora/backoff"
  packages = ["."]
  pruneopts = "UT"
  revision = "8eab2debe79d12b7bd3d10653910df25fa9552ba"
  version = "1.0.0"

[[projects]]
  digest = "1:cbe624335f5e9f4d1f536a524921df0277e938eab097ac562f06b2d310c073b9"
  name = "github.com/karalabe/hid"
  packages = ["."]
  pruneopts = "T"
  revision = "6bbb8df5a4e3ebed3398a30bdbeb80682ffb76f8"
  version = "v1.0.0"

[[projects]]
  digest = "1:9642c35dd8d4b8981d58327a917f178898baf9b331373748dd50439aec5c2628"
  name = "github.com/karlseguin/ccache"
  packages = ["."]
  pruneopts = "UT"
  revision = "ec06cd93a07565b373789b0078ba88fe697fddd9"
  version = "v2.0.3"

[[projects]]
  branch = "master"
  digest = "1:8cb15b21828b36ad568850d0ecb9340e22b148c8c6755f4a3d7918021bfc38a2"
  name = "github.com/knq/sysutil"
  packages = ["."]
  pruneopts = "UT"
  revision = "f05b59f0f3075ba1bc5701ef0df4393a05ebd0e7"

[[projects]]
  digest = "1:31e761d97c76151dde79e9d28964a812c46efc5baee4085b86f68f0c654450de"
  name = "github.com/konsorten/go-windows-terminal-sequences"
  packages = ["."]
  pruneopts = "UT"
  revision = "f55edac94c9bbba5d6182a4be46d86a2c9b5b50e"
  version = "v1.0.2"

[[projects]]
  digest = "1:58ad79834dc097c36a857a8c325d646af0a8bbd73375a6958a639507c5399a61"
  name = "github.com/koron/go-ssdp"
  packages = ["."]
  pruneopts = "UT"
  revision = "6d1709049dead37ead37808479f88c9bffa2c4d6"
  version = "v0.1"

[[projects]]
  digest = "1:483fcb9b21a758b47501f8880628b85aa3c4e99e33166867d06fa278965c66b2"
  name = "github.com/libp2p/go-addr-util"
  packages = ["."]
  pruneopts = "UT"
  revision = "4cd36c0f325f9e38f1e31ff7a10b9d94d53a11cf"
  version = "v0.0.1"

[[projects]]
  digest = "1:b18a269f11ff51135d6f82987dbb53288f4d66098a6639b429f4f494a910155b"
  name = "github.com/libp2p/go-buffer-pool"
  packages = ["."]
  pruneopts = "UT"
  revision = "c4a5988a1e475884367015e1a2d0bd5fa4c491f4"
  version = "v0.0.2"

[[projects]]
  digest = "1:041a5219e2f0c1fa2af5d25aee6970600ba2ac055ba386c18cfe960d392df3db"
  name = "github.com/libp2p/go-conn-security-multistream"
  packages = ["."]
  pruneopts = "UT"
  revision = "09b4134a655b5fc883a5bdd62ea12db6e0a1b095"
  version = "v0.1.0"

[[projects]]
  digest = "1:b4832a8b2e39da71a088a001c25e5e2cf5298519b0bcdfb26f04ac43da406437"
  name = "github.com/libp2p/go-eventbus"
  packages = ["."]
  pruneopts = "UT"
  revision = "d34a18eba211bd65b32a4a7a06390fc441257cbd"
  version = "v0.1.0"

[[projects]]
  digest = "1:83d3d59c84ff3da342ab63011d79750ccb987bda399eb64db3abd3e2fd32c18f"
  name = "github.com/libp2p/go-flow-metrics"
  packages = ["."]
  pruneopts = "UT"
  revision = "1f5b3acc846b2c8ce4c4e713296af74f5c24df55"
  version = "v0.0.1"

[[projects]]
  digest = "1:03c4382bfd9f7af55959d5cb0199aead9a6200cffbb0f6e64217c64d552d45c6"
  name = "github.com/libp2p/go-libp2p"
  packages = [
    ".",
    "config",
    "p2p/host/basic",
    "p2p/host/relay",
    "p2p/host/routed",
    "p2p/protocol/identify",
    "p2p/protocol/identify/pb",
    "p2p/protocol/ping",
  ]
  pruneopts = "UT"
  revision = "071f7de0736eda0f57cc3b5643ca65af364cd01f"
  version = "v0.3.0"

[[projects]]
  digest = "1:9a8251be38a87690510affa2e2fb04799a066b8ef49edc25a6acd30760d40792"
  name = "github.com/libp2p/go-libp2p-autonat"
  packages = [
    ".",
    "pb",
  ]
  pruneopts = "UT"
  revision = "3464f9b4f7bfbd7bb008813eacb626c7ab7fb9a3"
  version = "v0.1.0"

[[projects]]
  digest = "1:04832a4429ccc5e9d793c6c27a5807c5854a79d44a893c80cb72d0bf8dfc157f"
  name = "github.com/libp2p/go-libp2p-autonat-svc"
  packages = ["."]
  pruneopts = "UT"
  revision = "51a8fe550623e6ebae91c9b43755e2ee9c310549"
  version = "v0.1.0"

[[projects]]
  digest = "1:7ad7340f9b43cabf2ad2461d99d3bab2a19e61f92f314c67eecc73b5c79a3f7d"
  name = "github.com/libp2p/go-libp2p-circuit"
  packages = [
    ".",
    "pb",
  ]
  pruneopts = "UT"
  revision = "03491354d59e3025f1807236d55fe0ec7b82cd15"
  version = "v0.1.1"

[[projects]]
  digest = "1:791094f50065b4fb4cfd27ef423594e31d11c8205267355191a06becaefccb67"
  name = "github.com/libp2p/go-libp2p-connmgr"
  packages = ["."]
  pruneopts = "UT"
  revision = "b46e9bdbcd8436b4fe4b30a53ec913c07e5e09c9"
  version = "v0.1.1"

[[projects]]
  digest = "1:db0e57655b61643c357c14999b6fba19b10c3b6c9b866fd712ca8deb490bcb2f"
  name = "github.com/libp2p/go-libp2p-core"
  packages = [
    "connmgr",
    "crypto",
    "crypto/pb",
    "discovery",
    "event",
    "helpers",
    "host",
    "metrics",
    "mux",
    "network",
    "peer",
    "peerstore",
    "pnet",
    "protocol",
    "routing",
    "sec",
    "sec/insecure",
    "sec/insecure/pb",
    "test",
    "transport",
  ]
  pruneopts = "UT"
  revision = "d204016fc64589d0ec2ba965dd686d768d7ab34a"
  version = "v0.2.2"

[[projects]]
  digest = "1:35caf66f415bddda628d9410a20a6bcd8ac3deebbda33de1220d3f7ee3a14ccd"
  name = "github.com/libp2p/go-libp2p-crypto"
  packages = ["."]
  pruneopts = "UT"
  revision = "ddb6d72b5ad0ae81bf1ee77b628eac1d7237536a"
  version = "v0.1.0"

[[projects]]
  digest = "1:0333065da4682126d7c1aa07dd11d94accc3b93b48945ebb7f6a921e2f6b0db2"
  name = "github.com/libp2p/go-libp2p-discovery"
  packages = ["."]
  pruneopts = "UT"
  revision = "d248d63b0af8c023307da18ad7000a12020e06f0"
  version = "v0.1.0"

[[projects]]
  digest = "1:f5aaf57e0484fb766257137c03b35662acf928fa201b0515ed7940220097e9e8"
  name = "github.com/libp2p/go-libp2p-kad-dht"
  packages = [
    ".",
    "metrics",
    "opts",
    "pb",
    "providers",
  ]
  pruneopts = "UT"
  revision = "a12e621d84028a4e0f165da8e2ca6be4f5af0502"
  version = "v0.2.0"

[[projects]]
  digest = "1:d750c3b6c1c69bab8ed996ca6c053e0a13db53d2c51937a0debc40174c77bfc1"
  name = "github.com/libp2p/go-libp2p-kbucket"
  packages = [
    ".",
    "keyspace",
  ]
  pruneopts = "UT"
  revision = "3752ea0128fd84b4fef0a66739b8ca95c8a471b6"
  version = "v0.2.0"

[[projects]]
  digest = "1:645c5ab1429b06141e0d22852df9561e04b3759380f6657f0b510a30eef83665"
  name = "github.com/libp2p/go-libp2p-loggables"
  packages = ["."]
  pruneopts = "UT"
  revision = "814642b01726ff6f9302e8ce9eeeb00d25409520"
  version = "v0.1.0"

[[projects]]
  digest = "1:714ce7cff748910cfc250713300d24ece7d4832156ba7a245e7ac5fc810c7319"
  name = "github.com/libp2p/go-libp2p-mplex"
  packages = ["."]
  pruneopts = "UT"
  revision = "811729f15f0af13fe3f0d9e410c22f6a4bc5c686"
  version = "v0.2.1"

[[projects]]
  digest = "1:4614c7d351b9cc24ef6457107fad9830664615bb7d7de91de10c4a4ab1919545"
  name = "github.com/libp2p/go-libp2p-nat"
  packages = ["."]
  pruneopts = "UT"
  revision = "c50c291a61bceccb914366d93eb24f58594e9134"
  version = "v0.0.4"

[[projects]]
  digest = "1:79d1cf3e88f9ae667c30039cc37a6ad0be8bf0fa9b5359b572253de74b24c644"
  name = "github.com/libp2p/go-libp2p-peer"
  packages = ["."]
  pruneopts = "UT"
  revision = "62676d8fb785a8fc279878cbe8e03b878f005910"
  version = "v0.2.0"

[[projects]]
  digest = "1:3446a24a8dbc134e292d9020f436b85fcf4edcea61f7f51cb95e27c4b834a3c4"
  name = "github.com/libp2p/go-libp2p-peerstore"
  packages = [
    ".",
    "addr",
    "pb",
    "pstoreds",
    "pstoremem",
    "queue",
  ]
  pruneopts = "UT"
  revision = "f4c9af195c69379f1cf284dba31985482a56f78e"
  version = "v0.1.3"

[[projects]]
  digest = "1:639e2ee83cffd5445eeffd1cb8ba50b690028dc98464abac24e93a15abca8c8b"
  name = "github.com/libp2p/go-libp2p-pubsub"
  packages = [
    ".",
    "pb",
  ]
  pruneopts = "UT"
  revision = "49274b0e8aecdf6cad59d768e5702ff00aa48488"
  version = "v0.1.0"

[[projects]]
  digest = "1:43383ef25cdadc348025cef99b26d9880ad06058fdc64b1eb8ec281fa5cabfcb"
  name = "github.com/libp2p/go-libp2p-record"
  packages = [
    ".",
    "pb",
  ]
  pruneopts = "UT"
  revision = "3f535b1abcdf698e11ac16f618c2e64c4e5a114a"
  version = "v0.1.1"

[[projects]]
  digest = "1:ab8374423f8b7148d55e6d7ec848d248a0707b2af8a8b8a5b3608887d9ec485d"
  name = "github.com/libp2p/go-libp2p-routing"
  packages = ["notifications"]
  pruneopts = "UT"
  revision = "f4ece6c1baa8e77ee488b25014fcb1059955ed0f"
  version = "v0.1.0"

[[projects]]
  digest = "1:610cfdab8af216ef4033a55d39f42ec1aaef8775c308b8ee49d6aeb637f08100"
  name = "github.com/libp2p/go-libp2p-secio"
  packages = [
    ".",
    "pb",
  ]
  pruneopts = "UT"
  revision = "7c3f577d99debb69c3b68be35fe14d9445a6569c"
  version = "v0.2.0"

[[projects]]
  digest = "1:f68ac3efcf0533be36927674407457ce46be583535f8f5745728b5743537a150"
  name = "github.com/libp2p/go-libp2p-swarm"
  packages = ["."]
  pruneopts = "UT"
  revision = "221d8d5e05a0252049203c8f74d4f38b64da9963"
  version = "v0.2.0"

[[projects]]
  digest = "1:2fcb80000123d80148ce210a053a226d52dc891419905d7ff076c164825da50d"
  name = "github.com/libp2p/go-libp2p-transport-upgrader"
  packages = ["."]
  pruneopts = "UT"
  revision = "07ed92ccf9aba3a2e4b2fddc4c17ced060524922"
  version = "v0.1.1"

[[projects]]
  digest = "1:c476d8c20126fdc217055de367da2a8c4d78da52bf0818dedd6c92e87795021c"
  name = "github.com/libp2p/go-libp2p-yamux"
  packages = ["."]
  pruneopts = "UT"
  revision = "a61e80cb5770aa0d9b1bafe94da1278f58baa2c5"
  version = "v0.2.1"

[[projects]]
  digest = "1:da5210a8d4351f2a89d4c051d6faa3515f9c5330656c2ad53c915c63297c69b2"
  name = "github.com/libp2p/go-maddr-filter"
  packages = ["."]
  pruneopts = "UT"
  revision = "4d5679194bce9c87a81d3b9948a4b5edd5ddc094"
  version = "v0.0.5"

[[projects]]
  digest = "1:fd01fc96631a63d323f17fcbd64161804439855404b9405db14deacba9e1b69c"
  name = "github.com/libp2p/go-mplex"
  packages = ["."]
  pruneopts = "UT"
  revision = "62fe9554facaec3f80333b61ea8d694fe615705f"
  version = "v0.1.0"

[[projects]]
  digest = "1:c9e9340913c74e8a3e93cbf8e60d93563ac780ea3ea0cd77a4ff501e6d0c18aa"
  name = "github.com/libp2p/go-msgio"
  packages = ["."]
  pruneopts = "UT"
  revision = "9142103f7d8dc5a74a91116b8f927fe8d8bf4a96"
  version = "v0.0.4"

[[projects]]
  digest = "1:82e0411449d8af0c34e200cd6b90e70689d692d17f836906194fa9fc28692e80"
  name = "github.com/libp2p/go-nat"
  packages = ["."]
  pruneopts = "UT"
  revision = "d13fdefb3bbb2fde2c6fc090a7ea992cec8b26df"
  version = "v0.0.3"

[[projects]]
  digest = "1:3af2c593e383d5335067854e8ecad0f2149329ef4c737718c358682bc3e1a48f"
  name = "github.com/libp2p/go-openssl"
  packages = [
    ".",
    "utils",
  ]
  pruneopts = "UT"
  revision = "3d5df67ba7ee392569fadc2307d4c00dc8169470"
  version = "v0.0.2"

[[projects]]
  digest = "1:3218d9edf75d814d2994ce4b14fae01c657a3284af84522efcc8dee89806f4ca"
  name = "github.com/libp2p/go-reuseport"
  packages = ["."]
  pruneopts = "UT"
  revision = "3e6d618acfdfacbbeff71cb2bd70fc188f897a0f"
  version = "v0.0.1"

[[projects]]
  digest = "1:bf12fbd51fb864c9e2cb688581d3c14551a8c3d1c2fa60c9ad405c532e1b9d42"
  name = "github.com/libp2p/go-reuseport-transport"
  packages = ["."]
  pruneopts = "UT"
  revision = "c7583c88df654a2ecd621e863f661783d79b64d1"
  version = "v0.0.2"

[[projects]]
  digest = "1:58a6c4b9e52e298228703f9bf480d65c40ede7152a9ad17aa1eafe618ed0b43a"
  name = "github.com/libp2p/go-stream-muxer-multistream"
  packages = ["."]
  pruneopts = "UT"
  revision = "2439b02deee2de8bb1fe24473d3d8333008a714a"
  version = "v0.2.0"

[[projects]]
  digest = "1:ac5ce11098023fcf8164307727a2b99d69e2bb84a3b1f4bc3e1d10fd72f9bdbd"
  name = "github.com/libp2p/go-tcp-transport"
  packages = ["."]
  pruneopts = "UT"
  revision = "415627e90148700bf97890e54b193a42125c3b66"
  version = "v0.1.0"

[[projects]]
  digest = "1:9d32384c7a3a540d1211207cad7880b98a0450168b138648d92a9203c1865a18"
  name = "github.com/libp2p/go-ws-transport"
  packages = ["."]
  pruneopts = "UT"
  revision = "163cee1e07594cd148a9086cd3cce5f901e4dae9"
  source = "github.com/0xProject/go-ws-transport"

[[projects]]
  digest = "1:64fdef1e970d17504d960d18412125e85ca620703e495105b3fbffee27acf568"
  name = "github.com/libp2p/go-yamux"
  packages = ["."]
  pruneopts = "UT"
  revision = "663972181d409e7263040f0b668462f87c85e1bd"
  version = "v1.2.3"

[[projects]]
  branch = "master"
  digest = "1:ad157c87bae81a72ca4cc7b5d2da8907eeedf060ac9828833bfa3013982f6f66"
  name = "github.com/mailru/easyjson"
  packages = [
    ".",
    "buffer",
    "jlexer",
    "jwriter",
  ]
  pruneopts = "UT"
  revision = "b2ccc519800e761ac8000b95e5d57c80a897ff9e"

[[projects]]
  digest = "1:7c084e0e780596dd2a7e20d25803909a9a43689c153de953520dfbc0b0e51166"
  name = "github.com/mattn/go-colorable"
  packages = ["."]
  pruneopts = "UT"
  revision = "8029fb3788e5a4a9c00e415f586a6d033f5d38b3"
  version = "v0.1.2"

[[projects]]
  digest = "1:9b90c7639a41697f3d4ad12d7d67dfacc9a7a4a6e0bbfae4fc72d0da57c28871"
  name = "github.com/mattn/go-isatty"
  packages = ["."]
  pruneopts = "UT"
  revision = "1311e847b0cb909da63b5fecfb5370aa66236465"
  version = "v0.0.8"

[[projects]]
  digest = "1:0356f3312c9bd1cbeda81505b7fd437501d8e778ab66998ef69f00d7f9b3a0d7"
  name = "github.com/mattn/go-runewidth"
  packages = ["."]
  pruneopts = "UT"
  revision = "3ee7d812e62a0804a7d0a324e0249ca2db3476d3"
  version = "v0.0.4"

[[projects]]
  branch = "master"
  digest = "1:130cefe87d7eeefc824978dcb78e35672d4c49a11f25c153fbf0cfd952756fa3"
  name = "github.com/minio/blake2b-simd"
  packages = ["."]
  pruneopts = "UT"
  revision = "3f5f724cb5b182a5c278d6d3d55b40e7f8c2efb4"

[[projects]]
  digest = "1:d69117243f58a0d320c2889872d8c14d323d865277dc49fc85bfcf48b2846b8f"
  name = "github.com/minio/sha256-simd"
  packages = ["."]
  pruneopts = "UT"
  revision = "05b4dd3047e5d6e86cb4e0477164b850cd896261"
  version = "v0.1.0"

[[projects]]
  digest = "1:b6299badabd66eaede0651e2eaede106d8298b25564e4a7f23e335471d3e5a35"
  name = "github.com/mr-tron/base58"
  packages = ["base58"]
  pruneopts = "UT"
  revision = "d504ab2e22d97cb9f10b1d146a1e6a063f4a5f43"
  version = "v1.1.2"

[[projects]]
  digest = "1:b9fe622bbadbb060338620752b1cb3aa1473855071195ebe83813af5ebb3629b"
  name = "github.com/multiformats/go-base32"
  packages = ["."]
  pruneopts = "UT"
  revision = "a9c2755c3d1672dbe6a7e4a5d182169fa30b6a8e"
  version = "v0.0.3"

[[projects]]
  digest = "1:c95537699dfc9ecc62c2bb273fd2fdf5810ce23ed50f25529c17f755a052a7c3"
  name = "github.com/multiformats/go-multiaddr"
  packages = ["."]
  pruneopts = "UT"
  revision = "5b1de2f51ff2368d5ce94a659f15ef26be273cd0"
  version = "v0.0.4"

[[projects]]
  digest = "1:65af5b69e5762a2d6994976987442a0830c98d2a8ffbdd1c899443b4b0c0942e"
  name = "github.com/multiformats/go-multiaddr-dns"
  packages = ["."]
  pruneopts = "UT"
  revision = "3974bf3f84c52825588fdcc0fd0e0aa7953ab5ff"
  version = "v0.0.3"

[[projects]]
  digest = "1:1275cf8587ba416c439453ee4b194b803270b836831c487b3da3cf9d82f58bb7"
  name = "github.com/multiformats/go-multiaddr-fmt"
  packages = ["."]
  pruneopts = "UT"
  revision = "7d8102a98552c80f8a5ccb9c01e670fac17fd6df"
  version = "v0.0.1"

[[projects]]
  digest = "1:ccb950e76138c70abe765c3b9c0e6cad0e55fc66ff53318cea8b651df9f892c7"
  name = "github.com/multiformats/go-multiaddr-net"
  packages = ["."]
  pruneopts = "UT"
  revision = "bd61b0499a3cfc893a8eb109c5669342b1671881"
  version = "v0.0.1"

[[projects]]
  digest = "1:8f2a32f6d211bf2685d5c47ace5d6b59bd4359f69e92b632793d066129a65c4e"
  name = "github.com/multiformats/go-multibase"
  packages = ["."]
  pruneopts = "UT"
  revision = "d63641945dc1749baa23686ad0564ad63fef0493"
  version = "v0.0.1"

[[projects]]
  digest = "1:83c4c7eef11b74d0dfacdd9464e4d694ebc3d2012c7f295a92551bb1b3a1b32a"
  name = "github.com/multiformats/go-multihash"
  packages = ["."]
  pruneopts = "UT"
  revision = "0e239d8fa37b597bd150660e5b6845570aa5b833"
  version = "v0.0.6"

[[projects]]
  digest = "1:026ef80e6db7432132c7687d23b465e0c4bdb47a4aed893ee4b7d528a0550059"
  name = "github.com/multiformats/go-multistream"
  packages = ["."]
  pruneopts = "UT"
  revision = "039807e4901c4b2041f40a0e4aa32d72939608aa"
  version = "v0.1.0"

[[projects]]
  branch = "master"
  digest = "1:7f728b11da089d6162d536b9adfe0d68abc9a6f277585d82f14601791ebaf9c2"
  name = "github.com/ocdogan/rbt"
  packages = ["."]
  pruneopts = "UT"
  revision = "de6e2b48be337942e6298423f95725aba2152cea"

[[projects]]
  digest = "1:abcdbf03ca6ca13d3697e2186edc1f33863bbdac2b3a44dfa39015e8903f7409"
  name = "github.com/olekukonko/tablewriter"
  packages = ["."]
  pruneopts = "UT"
  revision = "e6d60cf7ba1f42d86d54cdf5508611c4aafb3970"
  version = "v0.0.1"

[[projects]]
  digest = "1:11e62d6050198055e6cd87ed57e5d8c669e84f839c16e16f192374d913d1a70d"
  name = "github.com/opentracing/opentracing-go"
  packages = [
    ".",
    "ext",
    "log",
  ]
  pruneopts = "UT"
  revision = "659c90643e714681897ec2521c60567dd21da733"
  version = "v1.1.0"

[[projects]]
  digest = "1:e5d0bd87abc2781d14e274807a470acd180f0499f8bf5bb18606e9ec22ad9de9"
  name = "github.com/pborman/uuid"
  packages = ["."]
  pruneopts = "UT"
  revision = "adf5a7427709b9deb95d29d3fa8a2bf9cfd388f1"
  version = "v1.2"

[[projects]]
  digest = "1:cf31692c14422fa27c83a05292eb5cbe0fb2775972e8f1f8446a71549bd8980b"
  name = "github.com/pkg/errors"
  packages = ["."]
  pruneopts = "UT"
  revision = "ba968bfe8b2f7e042a574c888954fccecfa385b4"
  version = "v0.8.1"

[[projects]]
  digest = "1:1161eb0f91cb535b559db421f5e59c59fa7f231d27533018cc527157083a7fff"
  name = "github.com/plaid/go-envvar"
  packages = ["envvar"]
  pruneopts = "UT"
  revision = "9426fece058e5c4d8715f543a76b361e3156435a"
  version = "v1.1.0"

[[projects]]
  digest = "1:0028cb19b2e4c3112225cd871870f2d9cf49b9b4276531f03438a88e94be86fe"
  name = "github.com/pmezard/go-difflib"
  packages = ["difflib"]
  pruneopts = "UT"
  revision = "792786c7400a136282c1664665ae0a8db921c6c2"
  version = "v1.0.0"

[[projects]]
  digest = "1:19a227084137c73d7a519ff90acc9fa69855c2ba134bb9c7dfe94e9ad2949c64"
  name = "github.com/prometheus/tsdb"
  packages = ["fileutil"]
  pruneopts = "UT"
  revision = "7762249358193da791ec62e72b080d908f96e776"
  version = "v0.10.0"

[[projects]]
  digest = "1:31d83d1b1c288073c91abadee3caec87de2a1fb5dbe589039264a802e67a26b8"
  name = "github.com/rjeczalik/notify"
  packages = ["."]
  pruneopts = "UT"
  revision = "69d839f37b13a8cb7a78366f7633a4071cb43be7"
  version = "v0.9.2"

[[projects]]
  digest = "1:c5dfe46811af7e2eff7c11fc84b6c841520338613c056f659f262d5a4fb42fa8"
  name = "github.com/rs/cors"
  packages = ["."]
  pruneopts = "UT"
  revision = "db0fe48135e83b5812a5a31be0eea66984b1b521"
  version = "v1.7.0"

[[projects]]
  digest = "1:04457f9f6f3ffc5fea48e71d62f2ca256637dee0a04d710288e27e05c8b41976"
  name = "github.com/sirupsen/logrus"
  packages = ["."]
  pruneopts = "UT"
  revision = "839c75faf7f98a33d445d181f3018b5c3409a45e"
  version = "v1.4.2"

[[projects]]
  branch = "master"
  digest = "1:d6956eb95db39859627c18e1dd425b2ddd1a0d6000b643a4d4ada8fc887c1e09"
  name = "github.com/spacemonkeygo/spacelog"
  packages = ["."]
  pruneopts = "UT"
  revision = "2296661a0572a51438413369004fa931c2641923"

[[projects]]
  digest = "1:919bb3aa6d9d0b67648c219fa4925312bc3c2872da19e818fa769e9c97a2b643"
  name = "github.com/spaolacci/murmur3"
  packages = ["."]
  pruneopts = "UT"
  revision = "9f5d223c60793748f04a9d5b4b4eacddfc1f755d"
  version = "v1.1"

[[projects]]
  branch = "develop"
  digest = "1:6deccaba5762377091f2e5b26dba70e630e01edb3f95d1a6a59d9b098bd4358f"
  name = "github.com/status-im/keycard-go"
  packages = ["derivationpath"]
  pruneopts = "UT"
  revision = "d95853db0f480b9d6379009500acf44b21dc0be6"

[[projects]]
  digest = "1:266e2f508feb9a9a765bfeb74d116a88514248b2f8428788dcce574bd026b9c0"
  name = "github.com/steakknife/bloomfilter"
  packages = ["."]
  pruneopts = "UT"
  revision = "99ee86d9200fcc2ffde62f508329bd6627c0a307"
  version = "1.0.4"

[[projects]]
  digest = "1:5ca4bdccd72e66aaba5b52f9c4a21f1021102f0919432fe138ad5d48abf06833"
  name = "github.com/steakknife/hamming"
  packages = ["."]
  pruneopts = "UT"
  revision = "003c143a81c25ea5e263d692919c611c7122ae6b"
  version = "0.2.5"

[[projects]]
  digest = "1:5da8ce674952566deae4dbc23d07c85caafc6cfa815b0b3e03e41979cedb8750"
  name = "github.com/stretchr/testify"
  packages = [
    "assert",
    "require",
  ]
  pruneopts = "UT"
  revision = "ffdc059bfe9ce6a4e144ba849dbedead332c6053"
  version = "v1.3.0"

[[projects]]
  branch = "full-wasm-support"
  digest = "1:5471d57ba7550f873e109f28f58bcebc9a9a2a8b33e1496076da6d6cf2bc627a"
  name = "github.com/syndtr/goleveldb"
  packages = [
    "leveldb",
    "leveldb/cache",
    "leveldb/comparer",
    "leveldb/errors",
    "leveldb/filter",
    "leveldb/iterator",
    "leveldb/journal",
    "leveldb/memdb",
    "leveldb/opt",
    "leveldb/storage",
    "leveldb/table",
    "leveldb/util",
  ]
  pruneopts = "UT"
  revision = "3ff7350ed31b229a705c7466d4260ca52f5cc552"
  source = "github.com/0xProject/goleveldb"

[[projects]]
  digest = "1:91b40a2adb6b4ccd51b1dfb306edfa76139e1599b01666346085472b386f5447"
  name = "github.com/tyler-smith/go-bip39"
  packages = [
    ".",
    "wordlists",
  ]
  pruneopts = "UT"
  revision = "5e3853c3f4e1a44df487c7efeb064ee8b43755de"
  version = "1.0.2"

[[projects]]
  branch = "master"
  digest = "1:98fa13beefbf581ec173561adad6374c460631593b4bdcf03adc29cd18e5d2f5"
  name = "github.com/whyrusleeping/base32"
  packages = ["."]
  pruneopts = "UT"
  revision = "c30ac30633ccdabefe87eb12465113f06f1bab75"

[[projects]]
  branch = "master"
  digest = "1:b33eed6794f2b2d1a7d0b45cb705402f26af0f0ad6521667e144ffa71f52d9d9"
  name = "github.com/whyrusleeping/go-keyspace"
  packages = ["."]
  pruneopts = "UT"
  revision = "5b898ac5add1da7178a4a98e69cb7b9205c085ee"

[[projects]]
  branch = "master"
  digest = "1:0102dfa2f98777db8ff68c920bef1be3ff8504e90485b6cdd24d61b981b487b6"
  name = "github.com/whyrusleeping/go-logging"
  packages = ["."]
  pruneopts = "UT"
  revision = "0457bb6b88fc1973573aaf6b5145d8d3ae972390"

[[projects]]
  branch = "master"
  digest = "1:94796f9decedb46b17985693cbe996ce3642a991f0efcf7bf9a6c5197da3eefc"
  name = "github.com/whyrusleeping/go-notifier"
  packages = ["."]
  pruneopts = "UT"
  revision = "097c5d47330ff6a823f67e3515faa13566a62c6f"

[[projects]]
  digest = "1:6c96967502c55c555abfe560f561a124951345e713a8e87cc6e2c214976e6e75"
  name = "github.com/whyrusleeping/mafmt"
  packages = ["."]
  pruneopts = "UT"
  revision = "7aa7fad2ede4e7157818e3e7af5061f866a9ae23"
  version = "v1.2.8"

[[projects]]
  branch = "master"
  digest = "1:94b933c1b26f1da25d25a089937d15987170a0a54109aa521a111345c3e84581"
  name = "github.com/whyrusleeping/multiaddr-filter"
  packages = ["."]
  pruneopts = "UT"
  revision = "e903e4adabd70b78bc9293b6ee4f359afb3f9f59"

[[projects]]
  branch = "master"
  digest = "1:1ccd9d66ae1abe6b3b28d8b68e09387533fee345d8bbaa753af2fa16e0505807"
  name = "github.com/whyrusleeping/timecache"
  packages = ["."]
  pruneopts = "UT"
  revision = "cfcb2f1abfee846c430233aef0b630a946e0a5a6"

[[projects]]
  branch = "master"
  digest = "1:7dca0da64f5937af74f21618cdb812c8f16a7d042316dd5bf2f1dfd086be3fc6"
  name = "github.com/wsddn/go-ecdh"
  packages = ["."]
  pruneopts = "UT"
  revision = "48726bab92085232373de4ec5c51ce7b441c63a0"

[[projects]]
  branch = "master"
  digest = "1:d9464a87e24a9703fd6b9b27b3592559eb7f5886285d724cb0acd62d00a5ddbf"
  name = "github.com/xeipuuv/gojsonpointer"
  packages = ["."]
  pruneopts = "UT"
  revision = "df4f5c81cb3b310899c091852a576ea7d178aedb"

[[projects]]
  branch = "master"
  digest = "1:dc6a6c28ca45d38cfce9f7cb61681ee38c5b99ec1425339bfc1e1a7ba769c807"
  name = "github.com/xeipuuv/gojsonreference"
  packages = ["."]
  pruneopts = "UT"
  revision = "bd5ef7bd5415a7ac448318e64f11a24cd21e594b"

[[projects]]
  digest = "1:1c898ea6c30c16e8d55fdb6fe44c4bee5f9b7d68aa260cfdfc3024491dcc7bea"
  name = "github.com/xeipuuv/gojsonschema"
  packages = ["."]
  pruneopts = "UT"
  revision = "f971f3cd73b2899de6923801c147f075263e0c50"
  version = "v1.1.0"

[[projects]]
  digest = "1:0509a2e8721ffedf3c03ebed1ac8eda633b8f4ee812d5edcac5c5d77eaeb7f0d"
  name = "go.opencensus.io"
  packages = [
    "internal/tagencoding",
    "metric/metricdata",
    "metric/metricproducer",
    "resource",
    "stats",
    "stats/internal",
    "stats/view",
    "tag",
  ]
  pruneopts = "UT"
  revision = "9c377598961b706d1542bd2d84d538b5094d596e"
  version = "v0.22.0"

[[projects]]
  branch = "master"
  digest = "1:773ddb90836d4606a22e88c3b5e32422a9abb23ccf70fa1e093151e651ffd91d"
  name = "golang.org/x/crypto"
  packages = [
    "blake2s",
    "curve25519",
    "ed25519",
    "ed25519/internal/edwards25519",
    "pbkdf2",
    "ripemd160",
    "scrypt",
    "sha3",
    "ssh/terminal",
  ]
  pruneopts = "UT"
  revision = "4def268fd1a49955bfb3dda92fe3db4f924f2285"

[[projects]]
  branch = "master"
  digest = "1:8457060d23ff2b2d008d5610494af06fe72fe15cd67c8a9f13df877cc12431b4"
  name = "golang.org/x/net"
  packages = [
    "bpf",
    "html",
    "html/atom",
    "html/charset",
    "internal/iana",
    "internal/socket",
    "ipv4",
    "websocket",
  ]
  pruneopts = "UT"
  revision = "ca1201d0de80cfde86cb01aea620983605dfe99b"

[[projects]]
  branch = "master"
  digest = "1:afce8593ac5918df05a46499b04b8c4e46a91e99566055e4a8ba829a8f389a09"
  name = "golang.org/x/sys"
  packages = [
    "cpu",
    "unix",
    "windows",
  ]
  pruneopts = "UT"
  revision = "51ab0e2deafac1f46c46ad59cf0921be2f180c3d"

[[projects]]
  digest = "1:7570a3e4daa14b7627089e77ad8c714f5f36b4cf1b7dfd8510df7d6935dc42a0"
  name = "golang.org/x/text"
  packages = [
    "encoding",
    "encoding/charmap",
    "encoding/htmlindex",
    "encoding/internal",
    "encoding/internal/identifier",
    "encoding/japanese",
    "encoding/korean",
    "encoding/simplifiedchinese",
    "encoding/traditionalchinese",
    "encoding/unicode",
    "internal/gen",
    "internal/language",
    "internal/language/compact",
    "internal/tag",
    "internal/triegen",
    "internal/ucd",
    "internal/utf8internal",
    "language",
    "runes",
    "transform",
    "unicode/cldr",
    "unicode/norm",
  ]
  pruneopts = "UT"
  revision = "342b2e1fbaa52c93f31447ad2c6abc048c63e475"
  version = "v0.3.2"

[[projects]]
  branch = "master"
  digest = "1:7b5ce208ea2ca1f96322e6a5b616839fe49ea798648a013039f300475a1aadfc"
  name = "golang.org/x/xerrors"
  packages = [
    ".",
    "internal",
  ]
  pruneopts = "UT"
  revision = "a985d3407aa71f30cf86696ee0a2f409709f22e1"

[[projects]]
  branch = "v2"
  digest = "1:3d3f9391ab615be8655ae0d686a1564f3fec413979bb1aaf018bac1ec1bb1cc7"
  name = "gopkg.in/natefinch/npipe.v2"
  packages = ["."]
  pruneopts = "UT"
  revision = "c1b8fa8bdccecb0b8db834ee0b92fdbcfa606dd6"

[solve-meta]
  analyzer-name = "dep"
  analyzer-version = 1
  input-imports = [
    "github.com/albrow/stringset",
    "github.com/chromedp/cdproto/runtime",
    "github.com/chromedp/chromedp",
    "github.com/ethereum/go-ethereum",
    "github.com/ethereum/go-ethereum/accounts",
    "github.com/ethereum/go-ethereum/accounts/abi",
    "github.com/ethereum/go-ethereum/accounts/abi/bind",
    "github.com/ethereum/go-ethereum/common",
    "github.com/ethereum/go-ethereum/common/hexutil",
    "github.com/ethereum/go-ethereum/common/math",
    "github.com/ethereum/go-ethereum/core/types",
    "github.com/ethereum/go-ethereum/crypto",
    "github.com/ethereum/go-ethereum/ethclient",
    "github.com/ethereum/go-ethereum/event",
    "github.com/ethereum/go-ethereum/rpc",
    "github.com/ethereum/go-ethereum/signer/core",
    "github.com/google/uuid",
    "github.com/hashicorp/golang-lru",
    "github.com/ipfs/go-ds-leveldb",
    "github.com/jpillora/backoff",
    "github.com/karlseguin/ccache",
    "github.com/libp2p/go-libp2p",
    "github.com/libp2p/go-libp2p-autonat-svc",
    "github.com/libp2p/go-libp2p-circuit",
    "github.com/libp2p/go-libp2p-connmgr",
    "github.com/libp2p/go-libp2p-core/crypto",
    "github.com/libp2p/go-libp2p-core/host",
    "github.com/libp2p/go-libp2p-core/metrics",
    "github.com/libp2p/go-libp2p-core/network",
    "github.com/libp2p/go-libp2p-core/peer",
    "github.com/libp2p/go-libp2p-core/protocol",
    "github.com/libp2p/go-libp2p-core/routing",
    "github.com/libp2p/go-libp2p-crypto",
    "github.com/libp2p/go-libp2p-discovery",
    "github.com/libp2p/go-libp2p-kad-dht",
    "github.com/libp2p/go-libp2p-kad-dht/opts",
    "github.com/libp2p/go-libp2p-peer",
    "github.com/libp2p/go-libp2p-peerstore",
    "github.com/libp2p/go-libp2p-peerstore/pstoreds",
    "github.com/libp2p/go-libp2p-pubsub",
    "github.com/libp2p/go-libp2p-swarm",
    "github.com/libp2p/go-libp2p/p2p/host/relay",
    "github.com/libp2p/go-maddr-filter",
    "github.com/libp2p/go-ws-transport",
    "github.com/multiformats/go-multiaddr",
    "github.com/multiformats/go-multiaddr-dns",
    "github.com/ocdogan/rbt",
    "github.com/plaid/go-envvar/envvar",
    "github.com/sirupsen/logrus",
    "github.com/stretchr/testify/assert",
    "github.com/stretchr/testify/require",
    "github.com/syndtr/goleveldb/leveldb",
    "github.com/syndtr/goleveldb/leveldb/iterator",
    "github.com/syndtr/goleveldb/leveldb/opt",
    "github.com/syndtr/goleveldb/leveldb/storage",
    "github.com/syndtr/goleveldb/leveldb/util",
    "github.com/xeipuuv/gojsonschema",
    "golang.org/x/crypto/sha3",
  ]
  solver-name = "gps-cdcl"
  solver-version = 1
