# THIS IS AN AUTOGENERATED FILE. DO NOT EDIT THIS FILE DIRECTLY.
# yarn lockfile v1


"@babel/runtime@^7.3.1":
  version "7.4.5"
  resolved "https://registry.npmjs.org/@babel/runtime/-/runtime-7.4.5.tgz#582bb531f5f9dc67d2fcb682979894f75e253f12"
  dependencies:
    regenerator-runtime "^0.13.2"

"@types/bn.js@^4.11.4":
  version "4.11.5"
  resolved "https://registry.npmjs.org/@types/bn.js/-/bn.js-4.11.5.tgz#40e36197433f78f807524ec623afcf0169ac81dc"
  dependencies:
    "@types/node" "*"

"@types/node@*":
  version "12.0.3"
  resolved "https://registry.npmjs.org/@types/node/-/node-12.0.3.tgz#5d8d24e0033fc6393efadc85cb59c1f638095c9a"

"@types/node@^10.12.18":
  version "10.14.7"
  resolved "https://registry.npmjs.org/@types/node/-/node-10.14.7.tgz#1854f0a9aa8d2cd6818d607b3d091346c6730362"

bn.js@4.11.6:
  version "4.11.6"
  resolved "https://registry.npmjs.org/bn.js/-/bn.js-4.11.6.tgz#53344adb14617a13f6e8dd2ce28905d1c0ba3215"

bn.js@4.11.8, bn.js@^4.11.6, bn.js@^4.4.0:
  version "4.11.8"
  resolved "https://registry.npmjs.org/bn.js/-/bn.js-4.11.8.tgz#2cde09eb5ee341f484746bb0309b3253b1b1442f"

brorand@^1.0.1:
  version "1.1.0"
  resolved "https://registry.npmjs.org/brorand/-/brorand-1.1.0.tgz#12c25efe40a45e3c323eb8675a0a0ce57b22371f"

buffer-to-arraybuffer@^0.0.5:
  version "0.0.5"
  resolved "https://registry.npmjs.org/buffer-to-arraybuffer/-/buffer-to-arraybuffer-0.0.5.tgz#6064a40fa76eb43c723aba9ef8f6e1216d10511a"

cookiejar@^2.1.1:
  version "2.1.2"
  resolved "https://registry.npmjs.org/cookiejar/-/cookiejar-2.1.2.tgz#dd8a235530752f988f9a0844f3fc589e3111125c"

debug@^2.2.0:
  version "2.6.9"
  resolved "https://registry.npmjs.org/debug/-/debug-2.6.9.tgz#5d128515df134ff327e90a4c93f4e077a536341f"
  dependencies:
    ms "2.0.0"

decode-uri-component@^0.2.0:
  version "0.2.0"
  resolved "https://registry.npmjs.org/decode-uri-component/-/decode-uri-component-0.2.0.tgz#eb3913333458775cb84cd1a1fae062106bb87545"

decompress-response@^3.3.0:
  version "3.3.0"
  resolved "https://registry.npmjs.org/decompress-response/-/decompress-response-3.3.0.tgz#80a4dd323748384bfa248083622aedec982adff3"
  dependencies:
    mimic-response "^1.0.0"

define-properties@^1.1.2:
  version "1.1.3"
  resolved "https://registry.npmjs.org/define-properties/-/define-properties-1.1.3.tgz#cf88da6cbee26fe6db7094f61d870cbd84cee9f1"
  dependencies:
    object-keys "^1.0.12"

dom-walk@^0.1.0:
  version "0.1.1"
  resolved "https://registry.npmjs.org/dom-walk/-/dom-walk-0.1.1.tgz#672226dc74c8f799ad35307df936aba11acd6018"

elliptic@^6.4.0:
  version "6.4.1"
  resolved "https://registry.npmjs.org/elliptic/-/elliptic-6.4.1.tgz#c2d0b7776911b86722c632c3c06c60f2f819939a"
  dependencies:
    bn.js "^4.4.0"
    brorand "^1.0.1"
    hash.js "^1.0.0"
    hmac-drbg "^1.0.0"
    inherits "^2.0.1"
    minimalistic-assert "^1.0.0"
    minimalistic-crypto-utils "^1.0.0"

es-abstract@^1.5.0:
  version "1.13.0"
  resolved "https://registry.npmjs.org/es-abstract/-/es-abstract-1.13.0.tgz#ac86145fdd5099d8dd49558ccba2eaf9b88e24e9"
  dependencies:
    es-to-primitive "^1.2.0"
    function-bind "^1.1.1"
    has "^1.0.3"
    is-callable "^1.1.4"
    is-regex "^1.0.4"
    object-keys "^1.0.12"

es-to-primitive@^1.2.0:
  version "1.2.0"
  resolved "https://registry.npmjs.org/es-to-primitive/-/es-to-primitive-1.2.0.tgz#edf72478033456e8dda8ef09e00ad9650707f377"
  dependencies:
    is-callable "^1.1.4"
    is-date-object "^1.0.1"
    is-symbol "^1.0.2"

eth-lib@0.2.8:
  version "0.2.8"
  resolved "https://registry.npmjs.org/eth-lib/-/eth-lib-0.2.8.tgz#b194058bef4b220ad12ea497431d6cb6aa0623c8"
  dependencies:
    bn.js "^4.11.6"
    elliptic "^6.4.0"
    xhr-request-promise "^0.1.2"

ethjs-unit@^0.1.6:
  version "0.1.6"
  resolved "https://registry.npmjs.org/ethjs-unit/-/ethjs-unit-0.1.6.tgz#c665921e476e87bce2a9d588a6fe0405b2c41699"
  dependencies:
    bn.js "4.11.6"
    number-to-bn "1.7.0"

eventemitter3@3.1.0:
  version "3.1.0"
  resolved "https://registry.npmjs.org/eventemitter3/-/eventemitter3-3.1.0.tgz#090b4d6cdbd645ed10bf750d4b5407942d7ba163"

eventemitter3@^3.1.0:
  version "3.1.2"
  resolved "https://registry.npmjs.org/eventemitter3/-/eventemitter3-3.1.2.tgz#2d3d48f9c346698fce83a85d7d664e98535df6e7"

for-each@^0.3.3:
  version "0.3.3"
  resolved "https://registry.npmjs.org/for-each/-/for-each-0.3.3.tgz#69b447e88a0a5d32c3e7084f3f1710034b21376e"
  dependencies:
    is-callable "^1.1.3"

function-bind@^1.0.2, function-bind@^1.1.1:
  version "1.1.1"
  resolved "https://registry.npmjs.org/function-bind/-/function-bind-1.1.1.tgz#a56899d3ea3c9bab874bb9773b7c5ede92f4895d"

global@~4.3.0:
  version "4.3.2"
  resolved "https://registry.npmjs.org/global/-/global-4.3.2.tgz#e76989268a6c74c38908b1305b10fc0e394e9d0f"
  dependencies:
    min-document "^2.19.0"
    process "~0.5.1"

has-symbols@^1.0.0:
  version "1.0.0"
  resolved "https://registry.npmjs.org/has-symbols/-/has-symbols-1.0.0.tgz#ba1a8f1af2a0fc39650f5c850367704122063b44"

has@^1.0.1, has@^1.0.3:
  version "1.0.3"
  resolved "https://registry.npmjs.org/has/-/has-1.0.3.tgz#722d7cbfc1f6aa8241f16dd814e011e1f41e8796"
  dependencies:
    function-bind "^1.1.1"

hash.js@^1.0.0, hash.js@^1.0.3:
  version "1.1.7"
  resolved "https://registry.npmjs.org/hash.js/-/hash.js-1.1.7.tgz#0babca538e8d4ee4a0f8988d68866537a003cf42"
  dependencies:
    inherits "^2.0.3"
    minimalistic-assert "^1.0.1"

hmac-drbg@^1.0.0:
  version "1.0.1"
  resolved "https://registry.npmjs.org/hmac-drbg/-/hmac-drbg-1.0.1.tgz#d2745701025a6c775a6c545793ed502fc0c649a1"
  dependencies:
    hash.js "^1.0.3"
    minimalistic-assert "^1.0.0"
    minimalistic-crypto-utils "^1.0.1"

inherits@^2.0.1, inherits@^2.0.3:
  version "2.0.3"
  resolved "https://registry.npmjs.org/inherits/-/inherits-2.0.3.tgz#633c2c83e3da42a502f52466022480f4208261de"

is-callable@^1.1.3, is-callable@^1.1.4:
  version "1.1.4"
  resolved "https://registry.npmjs.org/is-callable/-/is-callable-1.1.4.tgz#1e1adf219e1eeb684d691f9d6a05ff0d30a24d75"

is-date-object@^1.0.1:
  version "1.0.1"
  resolved "https://registry.npmjs.org/is-date-object/-/is-date-object-1.0.1.tgz#9aa20eb6aeebbff77fbd33e74ca01b33581d3a16"

is-function@^1.0.1:
  version "1.0.1"
  resolved "https://registry.npmjs.org/is-function/-/is-function-1.0.1.tgz#12cfb98b65b57dd3d193a3121f5f6e2f437602b5"

is-hex-prefixed@1.0.0:
  version "1.0.0"
  resolved "https://registry.npmjs.org/is-hex-prefixed/-/is-hex-prefixed-1.0.0.tgz#7d8d37e6ad77e5d127148913c573e082d777f554"

is-regex@^1.0.4:
  version "1.0.4"
  resolved "https://registry.npmjs.org/is-regex/-/is-regex-1.0.4.tgz#5517489b547091b0930e095654ced25ee97e9491"
  dependencies:
    has "^1.0.1"

is-symbol@^1.0.2:
  version "1.0.2"
  resolved "https://registry.npmjs.org/is-symbol/-/is-symbol-1.0.2.tgz#a055f6ae57192caee329e7a860118b497a950f38"
  dependencies:
    has-symbols "^1.0.0"

is-typedarray@^1.0.0:
  version "1.0.0"
  resolved "https://registry.npmjs.org/is-typedarray/-/is-typedarray-1.0.0.tgz#e479c80858df0c1b11ddda6940f96011fcda4a9a"

lodash@^4.17.11:
  version "4.17.14"
  resolved "https://registry.yarnpkg.com/lodash/-/lodash-4.17.14.tgz#9ce487ae66c96254fe20b599f21b6816028078ba"

mimic-response@^1.0.0:
  version "1.0.1"
  resolved "https://registry.npmjs.org/mimic-response/-/mimic-response-1.0.1.tgz#4923538878eef42063cb8a3e3b0798781487ab1b"

min-document@^2.19.0:
  version "2.19.0"
  resolved "https://registry.npmjs.org/min-document/-/min-document-2.19.0.tgz#7bd282e3f5842ed295bb748cdd9f1ffa2c824685"
  dependencies:
    dom-walk "^0.1.0"

minimalistic-assert@^1.0.0, minimalistic-assert@^1.0.1:
  version "1.0.1"
  resolved "https://registry.npmjs.org/minimalistic-assert/-/minimalistic-assert-1.0.1.tgz#2e194de044626d4a10e7f7fbc00ce73e83e4d5c7"

minimalistic-crypto-utils@^1.0.0, minimalistic-crypto-utils@^1.0.1:
  version "1.0.1"
  resolved "https://registry.npmjs.org/minimalistic-crypto-utils/-/minimalistic-crypto-utils-1.0.1.tgz#f6c00c1c0b082246e5c4d99dfb8c7c083b2b582a"

ms@2.0.0:
  version "2.0.0"
  resolved "https://registry.npmjs.org/ms/-/ms-2.0.0.tgz#5608aeadfc00be6c2901df5f9861788de0d597c8"

nan@^2.11.0:
  version "2.14.0"
  resolved "https://registry.npmjs.org/nan/-/nan-2.14.0.tgz#7818f722027b2459a86f0295d434d1fc2336c52c"

number-to-bn@1.7.0:
  version "1.7.0"
  resolved "https://registry.npmjs.org/number-to-bn/-/number-to-bn-1.7.0.tgz#bb3623592f7e5f9e0030b1977bd41a0c53fe1ea0"
  dependencies:
    bn.js "4.11.6"
    strip-hex-prefix "1.0.0"

object-assign@^4.1.0, object-assign@^4.1.1:
  version "4.1.1"
  resolved "https://registry.npmjs.org/object-assign/-/object-assign-4.1.1.tgz#2109adc7965887cfc05cbbd442cac8bfbb360863"

object-keys@^1.0.12:
  version "1.1.1"
  resolved "https://registry.npmjs.org/object-keys/-/object-keys-1.1.1.tgz#1c47f272df277f3b1daf061677d9c82e2322c60e"

once@^1.3.1:
  version "1.4.0"
  resolved "https://registry.npmjs.org/once/-/once-1.4.0.tgz#583b1aa775961d4b113ac17d9c50baef9dd76bd1"
  dependencies:
    wrappy "1"

parse-headers@^2.0.0:
  version "2.0.2"
  resolved "https://registry.npmjs.org/parse-headers/-/parse-headers-2.0.2.tgz#9545e8a4c1ae5eaea7d24992bca890281ed26e34"
  dependencies:
    for-each "^0.3.3"
    string.prototype.trim "^1.1.2"

process@~0.5.1:
  version "0.5.2"
  resolved "https://registry.npmjs.org/process/-/process-0.5.2.tgz#1638d8a8e34c2f440a91db95ab9aeb677fc185cf"

query-string@^5.0.1:
  version "5.1.1"
  resolved "https://registry.npmjs.org/query-string/-/query-string-5.1.1.tgz#a78c012b71c17e05f2e3fa2319dd330682efb3cb"
  dependencies:
    decode-uri-component "^0.2.0"
    object-assign "^4.1.0"
    strict-uri-encode "^1.0.0"

querystringify@^2.0.0:
  version "2.1.1"
  resolved "https://registry.npmjs.org/querystringify/-/querystringify-2.1.1.tgz#60e5a5fd64a7f8bfa4d2ab2ed6fdf4c85bad154e"

randombytes@^2.1.0:
  version "2.1.0"
  resolved "https://registry.npmjs.org/randombytes/-/randombytes-2.1.0.tgz#df6f84372f0270dc65cdf6291349ab7a473d4f2a"
  dependencies:
    safe-buffer "^5.1.0"

regenerator-runtime@^0.13.2:
  version "0.13.2"
  resolved "https://registry.npmjs.org/regenerator-runtime/-/regenerator-runtime-0.13.2.tgz#32e59c9a6fb9b1a4aff09b4930ca2d4477343447"

requires-port@^1.0.0:
  version "1.0.0"
  resolved "https://registry.npmjs.org/requires-port/-/requires-port-1.0.0.tgz#925d2601d39ac485e091cf0da5c6e694dc3dcaff"

rxjs@^6.4.0:
  version "6.5.2"
  resolved "https://registry.npmjs.org/rxjs/-/rxjs-6.5.2.tgz#2e35ce815cd46d84d02a209fb4e5921e051dbec7"
  dependencies:
    tslib "^1.9.0"

safe-buffer@^5.1.0:
  version "5.1.2"
  resolved "https://registry.npmjs.org/safe-buffer/-/safe-buffer-5.1.2.tgz#991ec69d296e0313747d59bdfd2b745c35f8828d"

simple-concat@^1.0.0:
  version "1.0.0"
  resolved "https://registry.npmjs.org/simple-concat/-/simple-concat-1.0.0.tgz#7344cbb8b6e26fb27d66b2fc86f9f6d5997521c6"

simple-get@^2.7.0:
  version "2.8.1"
  resolved "https://registry.npmjs.org/simple-get/-/simple-get-2.8.1.tgz#0e22e91d4575d87620620bc91308d57a77f44b5d"
  dependencies:
    decompress-response "^3.3.0"
    once "^1.3.1"
    simple-concat "^1.0.0"

strict-uri-encode@^1.0.0:
  version "1.1.0"
  resolved "https://registry.npmjs.org/strict-uri-encode/-/strict-uri-encode-1.1.0.tgz#279b225df1d582b1f54e65addd4352e18faa0713"

string.prototype.trim@^1.1.2:
  version "1.1.2"
  resolved "https://registry.npmjs.org/string.prototype.trim/-/string.prototype.trim-1.1.2.tgz#d04de2c89e137f4d7d206f086b5ed2fae6be8cea"
  dependencies:
    define-properties "^1.1.2"
    es-abstract "^1.5.0"
    function-bind "^1.0.2"

strip-hex-prefix@1.0.0:
  version "1.0.0"
  resolved "https://registry.npmjs.org/strip-hex-prefix/-/strip-hex-prefix-1.0.0.tgz#0c5f155fef1151373377de9dbb588da05500e36f"
  dependencies:
    is-hex-prefixed "1.0.0"

timed-out@^4.0.1:
  version "4.0.1"
  resolved "https://registry.npmjs.org/timed-out/-/timed-out-4.0.1.tgz#f32eacac5a175bea25d7fab565ab3ed8741ef56f"

tslib@^1.9.0:
  version "1.9.3"
  resolved "https://registry.npmjs.org/tslib/-/tslib-1.9.3.tgz#d7e4dd79245d85428c4d7e4822a79917954ca286"

typedarray-to-buffer@^3.1.5:
  version "3.1.5"
  resolved "https://registry.npmjs.org/typedarray-to-buffer/-/typedarray-to-buffer-3.1.5.tgz#a97ee7a9ff42691b9f783ff1bc5112fe3fca9080"
  dependencies:
    is-typedarray "^1.0.0"

typescript@^3.5.1:
  version "3.5.1"
  resolved "https://registry.npmjs.org/typescript/-/typescript-3.5.1.tgz#ba72a6a600b2158139c5dd8850f700e231464202"

url-parse@1.4.4:
  version "1.4.4"
  resolved "https://registry.npmjs.org/url-parse/-/url-parse-1.4.4.tgz#cac1556e95faa0303691fec5cf9d5a1bc34648f8"
  dependencies:
    querystringify "^2.0.0"
    requires-port "^1.0.0"

url-set-query@^1.0.0:
  version "1.0.0"
  resolved "https://registry.npmjs.org/url-set-query/-/url-set-query-1.0.0.tgz#016e8cfd7c20ee05cafe7795e892bd0702faa339"

utf8@2.1.1:
  version "2.1.1"
  resolved "https://registry.npmjs.org/utf8/-/utf8-2.1.1.tgz#2e01db02f7d8d0944f77104f1609eb0c304cf768"

web3-core-helpers@1.0.0-beta.55:
  version "1.0.0-beta.55"
  resolved "https://registry.npmjs.org/web3-core-helpers/-/web3-core-helpers-1.0.0-beta.55.tgz#832b8499889f9f514b1d174f00172fd3683d63de"
  dependencies:
    "@babel/runtime" "^7.3.1"
    lodash "^4.17.11"
    web3-core "1.0.0-beta.55"
    web3-eth-iban "1.0.0-beta.55"
    web3-utils "1.0.0-beta.55"

web3-core-method@1.0.0-beta.55:
  version "1.0.0-beta.55"
  resolved "https://registry.npmjs.org/web3-core-method/-/web3-core-method-1.0.0-beta.55.tgz#0af994295ac2dd64ccd53305b7df8da76e11da49"
  dependencies:
    "@babel/runtime" "^7.3.1"
    eventemitter3 "3.1.0"
    lodash "^4.17.11"
    rxjs "^6.4.0"
    web3-core "1.0.0-beta.55"
    web3-core-helpers "1.0.0-beta.55"
    web3-core-subscriptions "1.0.0-beta.55"
    web3-utils "1.0.0-beta.55"

web3-core-subscriptions@1.0.0-beta.55:
  version "1.0.0-beta.55"
  resolved "https://registry.npmjs.org/web3-core-subscriptions/-/web3-core-subscriptions-1.0.0-beta.55.tgz#105902c13db53466fc17d07a981ad3d41c700f76"
  dependencies:
    "@babel/runtime" "^7.3.1"
    eventemitter3 "^3.1.0"
    lodash "^4.17.11"

web3-core@1.0.0-beta.55:
  version "1.0.0-beta.55"
  resolved "https://registry.npmjs.org/web3-core/-/web3-core-1.0.0-beta.55.tgz#26b9abbf1bc1837c9cc90f06ecbc4ed714f89b53"
  dependencies:
    "@babel/runtime" "^7.3.1"
    "@types/bn.js" "^4.11.4"
    "@types/node" "^10.12.18"
    lodash "^4.17.11"
    web3-core-method "1.0.0-beta.55"
    web3-providers "1.0.0-beta.55"
    web3-utils "1.0.0-beta.55"

web3-eth-iban@1.0.0-beta.55:
  version "1.0.0-beta.55"
  resolved "https://registry.npmjs.org/web3-eth-iban/-/web3-eth-iban-1.0.0-beta.55.tgz#15146a69de21addc99e7dbfb2920555b1e729637"
  dependencies:
    "@babel/runtime" "^7.3.1"
    bn.js "4.11.8"
    web3-utils "1.0.0-beta.55"

web3-providers@1.0.0-beta.55, web3-providers@^1.0.0-beta.55:
  version "1.0.0-beta.55"
  resolved "https://registry.npmjs.org/web3-providers/-/web3-providers-1.0.0-beta.55.tgz#639503517741b69baaa82f1f940630df6a25992b"
  dependencies:
    "@babel/runtime" "^7.3.1"
    "@types/node" "^10.12.18"
    eventemitter3 "3.1.0"
    lodash "^4.17.11"
    url-parse "1.4.4"
    web3-core "1.0.0-beta.55"
    web3-core-helpers "1.0.0-beta.55"
    web3-core-method "1.0.0-beta.55"
    web3-utils "1.0.0-beta.55"
    websocket "^1.0.28"
    xhr2-cookies "1.1.0"

web3-utils@1.0.0-beta.55:
  version "1.0.0-beta.55"
  resolved "https://registry.npmjs.org/web3-utils/-/web3-utils-1.0.0-beta.55.tgz#beb40926b7c04208b752d36a9bc959d27a04b308"
  dependencies:
    "@babel/runtime" "^7.3.1"
    "@types/bn.js" "^4.11.4"
    "@types/node" "^10.12.18"
    bn.js "4.11.8"
    eth-lib "0.2.8"
    ethjs-unit "^0.1.6"
    lodash "^4.17.11"
    number-to-bn "1.7.0"
    randombytes "^2.1.0"
    utf8 "2.1.1"

websocket@^1.0.28:
  version "1.0.28"
  resolved "https://registry.npmjs.org/websocket/-/websocket-1.0.28.tgz#9e5f6fdc8a3fe01d4422647ef93abdd8d45a78d3"
  dependencies:
    debug "^2.2.0"
    nan "^2.11.0"
    typedarray-to-buffer "^3.1.5"
    yaeti "^0.0.6"

wrappy@1:
  version "1.0.2"
  resolved "https://registry.npmjs.org/wrappy/-/wrappy-1.0.2.tgz#b5243d8f3ec1aa35f1364605bc0d1036e30ab69f"

xhr-request-promise@^0.1.2:
  version "0.1.2"
  resolved "https://registry.npmjs.org/xhr-request-promise/-/xhr-request-promise-0.1.2.tgz#343c44d1ee7726b8648069682d0f840c83b4261d"
  dependencies:
    xhr-request "^1.0.1"

xhr-request@^1.0.1:
  version "1.1.0"
  resolved "https://registry.npmjs.org/xhr-request/-/xhr-request-1.1.0.tgz#f4a7c1868b9f198723444d82dcae317643f2e2ed"
  dependencies:
    buffer-to-arraybuffer "^0.0.5"
    object-assign "^4.1.1"
    query-string "^5.0.1"
    simple-get "^2.7.0"
    timed-out "^4.0.1"
    url-set-query "^1.0.0"
    xhr "^2.0.4"

xhr2-cookies@1.1.0:
  version "1.1.0"
  resolved "https://registry.npmjs.org/xhr2-cookies/-/xhr2-cookies-1.1.0.tgz#7d77449d0999197f155cb73b23df72505ed89d48"
  dependencies:
    cookiejar "^2.1.1"

xhr@^2.0.4:
  version "2.5.0"
  resolved "https://registry.npmjs.org/xhr/-/xhr-2.5.0.tgz#bed8d1676d5ca36108667692b74b316c496e49dd"
  dependencies:
    global "~4.3.0"
    is-function "^1.0.1"
    parse-headers "^2.0.0"
    xtend "^4.0.0"

xtend@^4.0.0:
  version "4.0.1"
  resolved "https://registry.npmjs.org/xtend/-/xtend-4.0.1.tgz#a5c6d532be656e23db820efb943a1f04998d63af"

yaeti@^0.0.6:
  version "0.0.6"
  resolved "https://registry.npmjs.org/yaeti/-/yaeti-0.0.6.tgz#f26f484d72684cf42bedfb76970aa1608fbf9577"
